
Microsoft Visual Studio Solution File, Format Version 12.00
# Visual Studio Version 17
VisualStudioVersion = 17.0.31903.59
MinimumVisualStudioVersion = 10.0.40219.1
Project("{2150E333-8FDC-42A3-9474-1A3956D46DE8}") = "homework_1", "homework_1", "{B3B1CB6E-1CA8-F05B-1636-F3289964142A}"
EndProject
Project("{FAE04EC0-301F-11D3-BF4B-00C04F79EFBC}") = "ClassMap", "homework_1\ClassMap\ClassMap.csproj", "{B22FE8C4-C16B-4DE5-9092-82EBD2EBEE3D}"
EndProject
Project("{FAE04EC0-301F-11D3-BF4B-00C04F79EFBC}") = "BookCatalogg", "..\homework_2\BookCatalogg\BookCatalogg.csproj", "{5CCBDDE9-6170-48AF-B0CE-900B64B6BC70}"
EndProject
Global
	GlobalSection(SolutionConfigurationPlatforms) = preSolution
		Debug|Any CPU = Debug|Any CPU
		Debug|x64 = Debug|x64
		Debug|x86 = Debug|x86
		Release|Any CPU = Release|Any CPU
		Release|x64 = Release|x64
		Release|x86 = Release|x86
	EndGlobalSection
	GlobalSection(ProjectConfigurationPlatforms) = postSolution
		{B22FE8C4-C16B-4DE5-9092-82EBD2EBEE3D}.Debug|Any CPU.ActiveCfg = Debug|Any CPU
		{B22FE8C4-C16B-4DE5-9092-82EBD2EBEE3D}.Debug|Any CPU.Build.0 = Debug|Any CPU
		{B22FE8C4-C16B-4DE5-9092-82EBD2EBEE3D}.Debug|x64.ActiveCfg = Debug|Any CPU
		{B22FE8C4-C16B-4DE5-9092-82EBD2EBEE3D}.Debug|x64.Build.0 = Debug|Any CPU
		{B22FE8C4-C16B-4DE5-9092-82EBD2EBEE3D}.Debug|x86.ActiveCfg = Debug|Any CPU
		{B22FE8C4-C16B-4DE5-9092-82EBD2EBEE3D}.Debug|x86.Build.0 = Debug|Any CPU
		{B22FE8C4-C16B-4DE5-9092-82EBD2EBEE3D}.Release|Any CPU.ActiveCfg = Release|Any CPU
		{B22FE8C4-C16B-4DE5-9092-82EBD2EBEE3D}.Release|Any CPU.Build.0 = Release|Any CPU
		{B22FE8C4-C16B-4DE5-9092-82EBD2EBEE3D}.Release|x64.ActiveCfg = Release|Any CPU
		{B22FE8C4-C16B-4DE5-9092-82EBD2EBEE3D}.Release|x64.Build.0 = Release|Any CPU
		{B22FE8C4-C16B-4DE5-9092-82EBD2EBEE3D}.Release|x86.ActiveCfg = Release|Any CPU
		{B22FE8C4-C16B-4DE5-9092-82EBD2EBEE3D}.Release|x86.Build.0 = Release|Any CPU
		{5CCBDDE9-6170-48AF-B0CE-900B64B6BC70}.Debug|Any CPU.ActiveCfg = Debug|Any CPU
		{5CCBDDE9-6170-48AF-B0CE-900B64B6BC70}.Debug|Any CPU.Build.0 = Debug|Any CPU
		{5CCBDDE9-6170-48AF-B0CE-900B64B6BC70}.Debug|x64.ActiveCfg = Debug|Any CPU
		{5CCBDDE9-6170-48AF-B0CE-900B64B6BC70}.Debug|x64.Build.0 = Debug|Any CPU
		{5CCBDDE9-6170-48AF-B0CE-900B64B6BC70}.Debug|x86.ActiveCfg = Debug|Any CPU
		{5CCBDDE9-6170-48AF-B0CE-900B64B6BC70}.Debug|x86.Build.0 = Debug|Any CPU
		{5CCBDDE9-6170-48AF-B0CE-900B64B6BC70}.Release|Any CPU.ActiveCfg = Release|Any CPU
		{5CCBDDE9-6170-48AF-B0CE-900B64B6BC70}.Release|Any CPU.Build.0 = Release|Any CPU
		{5CCBDDE9-6170-48AF-B0CE-900B64B6BC70}.Release|x64.ActiveCfg = Release|Any CPU
		{5CCBDDE9-6170-48AF-B0CE-900B64B6BC70}.Release|x64.Build.0 = Release|Any CPU
		{5CCBDDE9-6170-48AF-B0CE-900B64B6BC70}.Release|x86.ActiveCfg = Release|Any CPU
		{5CCBDDE9-6170-48AF-B0CE-900B64B6BC70}.Release|x86.Build.0 = Release|Any CPU
	EndGlobalSection
	GlobalSection(SolutionProperties) = preSolution
		HideSolutionNode = FALSE
	EndGlobalSection
	GlobalSection(NestedProjects) = preSolution
		{B22FE8C4-C16B-4DE5-9092-82EBD2EBEE3D} = {B3B1CB6E-1CA8-F05B-1636-F3289964142A}
	EndGlobalSection
EndGlobal
